
Microsoft Visual Studio Solution File, Format Version 12.00
# Visual Studio Version 17
VisualStudioVersion = 17.9.34616.47
MinimumVisualStudioVersion = 10.0.40219.1
Project("{FAE04EC0-301F-11D3-BF4B-00C04F79EFBC}") = "CRUDReactMVC.Server", "CRUDReactMVC.Server\CRUDReactMVC.Server.csproj", "{41509D05-4254-4894-802E-7236E9DE78BA}"
EndProject
Project("{54A90642-561A-4BB1-A94E-469ADEE60C69}") = "crudreactmvc.client", "crudreactmvc.client\crudreactmvc.client.esproj", "{5F93E0E7-309D-4144-ADB8-9DB3801FAFBB}"
EndProject
Global
	GlobalSection(SolutionConfigurationPlatforms) = preSolution
		Debug|Any CPU = Debug|Any CPU
		Release|Any CPU = Release|Any CPU
	EndGlobalSection
	GlobalSection(ProjectConfigurationPlatforms) = postSolution
		{41509D05-4254-4894-802E-7236E9DE78BA}.Debug|Any CPU.ActiveCfg = Debug|Any CPU
		{41509D05-4254-4894-802E-7236E9DE78BA}.Debug|Any CPU.Build.0 = Debug|Any CPU
		{41509D05-4254-4894-802E-7236E9DE78BA}.Release|Any CPU.ActiveCfg = Release|Any CPU
		{41509D05-4254-4894-802E-7236E9DE78BA}.Release|Any CPU.Build.0 = Release|Any CPU
		{5F93E0E7-309D-4144-ADB8-9DB3801FAFBB}.Debug|Any CPU.ActiveCfg = Debug|Any CPU
		{5F93E0E7-309D-4144-ADB8-9DB3801FAFBB}.Debug|Any CPU.Build.0 = Debug|Any CPU
		{5F93E0E7-309D-4144-ADB8-9DB3801FAFBB}.Debug|Any CPU.Deploy.0 = Debug|Any CPU
		{5F93E0E7-309D-4144-ADB8-9DB3801FAFBB}.Release|Any CPU.ActiveCfg = Release|Any CPU
		{5F93E0E7-309D-4144-ADB8-9DB3801FAFBB}.Release|Any CPU.Build.0 = Release|Any CPU
		{5F93E0E7-309D-4144-ADB8-9DB3801FAFBB}.Release|Any CPU.Deploy.0 = Release|Any CPU
	EndGlobalSection
	GlobalSection(SolutionProperties) = preSolution
		HideSolutionNode = FALSE
	EndGlobalSection
	GlobalSection(ExtensibilityGlobals) = postSolution
		SolutionGuid = {8C1F8406-3894-4661-BB1A-09A3E175008A}
	EndGlobalSection
EndGlobal
